// !$*UTF8*$!
{
	archiveVersion = 1;
	classes = {
	};
	objectVersion = 56;
	objects = {

/* Begin PBXBuildFile section */
		4A5F36682B7CC5B50026E9B4 /* TransactionDetailInteractor.swift in Sources */ = {isa = PBXBuildFile; fileRef = 4A5F36672B7CC5B50026E9B4 /* TransactionDetailInteractor.swift */; };
		4A5F366A2B7CC5C40026E9B4 /* TransactionDetailPresenter.swift in Sources */ = {isa = PBXBuildFile; fileRef = 4A5F36692B7CC5C40026E9B4 /* TransactionDetailPresenter.swift */; };
		4A5F366C2B7CC5D10026E9B4 /* TransactionDetailRouter.swift in Sources */ = {isa = PBXBuildFile; fileRef = 4A5F366B2B7CC5D10026E9B4 /* TransactionDetailRouter.swift */; };
		4A5F36722B7CFF120026E9B4 /* TransactionDetailAssembly.swift in Sources */ = {isa = PBXBuildFile; fileRef = 4A5F36712B7CFF120026E9B4 /* TransactionDetailAssembly.swift */; };
		4A5F367B2B7D01830026E9B4 /* HistoryCell.swift in Sources */ = {isa = PBXBuildFile; fileRef = 4A5F36792B7D01830026E9B4 /* HistoryCell.swift */; };
		4A5F367C2B7D01830026E9B4 /* HistoryCell.xib in Resources */ = {isa = PBXBuildFile; fileRef = 4A5F367A2B7D01830026E9B4 /* HistoryCell.xib */; };
		4A5F367E2B7D03810026E9B4 /* TransactionHistoryInteractor.swift in Sources */ = {isa = PBXBuildFile; fileRef = 4A5F367D2B7D03810026E9B4 /* TransactionHistoryInteractor.swift */; };
		4A5F36802B7D038C0026E9B4 /* TransactionHIstoryPresenter.swift in Sources */ = {isa = PBXBuildFile; fileRef = 4A5F367F2B7D038C0026E9B4 /* TransactionHIstoryPresenter.swift */; };
		4A5F36822B7D03950026E9B4 /* TransactionHIstoryRouter.swift in Sources */ = {isa = PBXBuildFile; fileRef = 4A5F36812B7D03950026E9B4 /* TransactionHIstoryRouter.swift */; };
		4A5F36862B7D0A150026E9B4 /* TransactionHistoryAssembly.swift in Sources */ = {isa = PBXBuildFile; fileRef = 4A5F36852B7D0A150026E9B4 /* TransactionHistoryAssembly.swift */; };
		4A5F373D2B7D14120026E9B4 /* core.framework in Frameworks */ = {isa = PBXBuildFile; fileRef = 4A5F373C2B7D14120026E9B4 /* core.framework */; };
		4A5F373E2B7D14120026E9B4 /* core.framework in Embed Frameworks */ = {isa = PBXBuildFile; fileRef = 4A5F373C2B7D14120026E9B4 /* core.framework */; settings = {ATTRIBUTES = (CodeSignOnCopy, RemoveHeadersOnCopy, ); }; };
		4A5F37442B7D16400026E9B4 /* Storage.swift in Sources */ = {isa = PBXBuildFile; fileRef = 4A5F37422B7D16400026E9B4 /* Storage.swift */; };
		4A5F37452B7D16400026E9B4 /* SecureStorage.swift in Sources */ = {isa = PBXBuildFile; fileRef = 4A5F37432B7D16400026E9B4 /* SecureStorage.swift */; };
		4A5F374B2B7D179C0026E9B4 /* MainStore.swift in Sources */ = {isa = PBXBuildFile; fileRef = 4A5F374A2B7D179C0026E9B4 /* MainStore.swift */; };
		4A5F374D2B7D17D00026E9B4 /* AppState.swift in Sources */ = {isa = PBXBuildFile; fileRef = 4A5F374C2B7D17D00026E9B4 /* AppState.swift */; };
		4A5F37502B7D18BE0026E9B4 /* AppDispatcher.swift in Sources */ = {isa = PBXBuildFile; fileRef = 4A5F374F2B7D18BE0026E9B4 /* AppDispatcher.swift */; };
		4AE132DA2B7B22B50011265B /* AppDelegate.swift in Sources */ = {isa = PBXBuildFile; fileRef = 4AE132D92B7B22B50011265B /* AppDelegate.swift */; };
		4AE132E42B7B22B60011265B /* mobile_app_pembayaran_qris.xcdatamodeld in Sources */ = {isa = PBXBuildFile; fileRef = 4AE132E22B7B22B60011265B /* mobile_app_pembayaran_qris.xcdatamodeld */; };
		4AE132E92B7B22B80011265B /* LaunchScreen.storyboard in Resources */ = {isa = PBXBuildFile; fileRef = 4AE132E72B7B22B80011265B /* LaunchScreen.storyboard */; };
		4AE132F52B7B45320011265B /* HomeViewController.swift in Sources */ = {isa = PBXBuildFile; fileRef = 4AE132F32B7B45320011265B /* HomeViewController.swift */; };
		4AE132F62B7B45320011265B /* HomeViewController.xib in Resources */ = {isa = PBXBuildFile; fileRef = 4AE132F42B7B45320011265B /* HomeViewController.xib */; };
		4AE133062B7B47B70011265B /* TransactionHistoryViewController.swift in Sources */ = {isa = PBXBuildFile; fileRef = 4AE133042B7B47B70011265B /* TransactionHistoryViewController.swift */; };
		4AE133072B7B47B70011265B /* TransactionHistoryViewController.xib in Resources */ = {isa = PBXBuildFile; fileRef = 4AE133052B7B47B70011265B /* TransactionHistoryViewController.xib */; };
		4AE1330D2B7B482D0011265B /* HomeInteractor.swift in Sources */ = {isa = PBXBuildFile; fileRef = 4AE1330C2B7B482D0011265B /* HomeInteractor.swift */; };
		4AE1330F2B7B48420011265B /* HomePresenter.swift in Sources */ = {isa = PBXBuildFile; fileRef = 4AE1330E2B7B48420011265B /* HomePresenter.swift */; };
		4AE133112B7B48520011265B /* HomeRouter.swift in Sources */ = {isa = PBXBuildFile; fileRef = 4AE133102B7B48520011265B /* HomeRouter.swift */; };
		4AE133442B7B76E60011265B /* HomeAssembly.swift in Sources */ = {isa = PBXBuildFile; fileRef = 4AE133432B7B76E60011265B /* HomeAssembly.swift */; };
		4AE133462B7B786F0011265B /* DI.swift in Sources */ = {isa = PBXBuildFile; fileRef = 4AE133452B7B786F0011265B /* DI.swift */; };
		4AE133482B7B78C30011265B /* ManagerAssembly.swift in Sources */ = {isa = PBXBuildFile; fileRef = 4AE133472B7B78C30011265B /* ManagerAssembly.swift */; };
		4AE133502B7B7CBA0011265B /* TransactionDetailViewController.swift in Sources */ = {isa = PBXBuildFile; fileRef = 4AE1334E2B7B7CBA0011265B /* TransactionDetailViewController.swift */; };
		4AE133512B7B7CBA0011265B /* TransactionDetailViewController.xib in Resources */ = {isa = PBXBuildFile; fileRef = 4AE1334F2B7B7CBA0011265B /* TransactionDetailViewController.xib */; };
		4AE1335A2B7BBA040011265B /* TransactionViewController.swift in Sources */ = {isa = PBXBuildFile; fileRef = 4AE133582B7BBA040011265B /* TransactionViewController.swift */; };
		4AE1335B2B7BBA040011265B /* TransactionViewController.xib in Resources */ = {isa = PBXBuildFile; fileRef = 4AE133592B7BBA040011265B /* TransactionViewController.xib */; };
		4AE1335E2B7BBBC50011265B /* TransactionAssembly.swift in Sources */ = {isa = PBXBuildFile; fileRef = 4AE1335D2B7BBBC50011265B /* TransactionAssembly.swift */; };
		4AE133602B7BBC290011265B /* TransactionInteractor.swift in Sources */ = {isa = PBXBuildFile; fileRef = 4AE1335F2B7BBC290011265B /* TransactionInteractor.swift */; };
		4AE133622B7BBC660011265B /* TransactionPresenter.swift in Sources */ = {isa = PBXBuildFile; fileRef = 4AE133612B7BBC660011265B /* TransactionPresenter.swift */; };
		4AE133642B7BBCA70011265B /* TransactionRouter.swift in Sources */ = {isa = PBXBuildFile; fileRef = 4AE133632B7BBCA70011265B /* TransactionRouter.swift */; };
		BB490775F6C95466E6401806 /* Pods_mobile_app_pembayaran_qris.framework in Frameworks */ = {isa = PBXBuildFile; fileRef = C8690A66B439379514401BFB /* Pods_mobile_app_pembayaran_qris.framework */; };
/* End PBXBuildFile section */

/* Begin PBXCopyFilesBuildPhase section */
		4A5F373F2B7D14130026E9B4 /* Embed Frameworks */ = {
			isa = PBXCopyFilesBuildPhase;
			buildActionMask = 2147483647;
			dstPath = "";
			dstSubfolderSpec = 10;
			files = (
				4A5F373E2B7D14120026E9B4 /* core.framework in Embed Frameworks */,
			);
			name = "Embed Frameworks";
			runOnlyForDeploymentPostprocessing = 0;
		};
/* End PBXCopyFilesBuildPhase section */

/* Begin PBXFileReference section */
		0FBF7E095359B86AAF70C7C8 /* Pods-mobile-app-pembayaran-qris.release.xcconfig */ = {isa = PBXFileReference; includeInIndex = 1; lastKnownFileType = text.xcconfig; name = "Pods-mobile-app-pembayaran-qris.release.xcconfig"; path = "Target Support Files/Pods-mobile-app-pembayaran-qris/Pods-mobile-app-pembayaran-qris.release.xcconfig"; sourceTree = "<group>"; };
		4A5F36672B7CC5B50026E9B4 /* TransactionDetailInteractor.swift */ = {isa = PBXFileReference; lastKnownFileType = sourcecode.swift; path = TransactionDetailInteractor.swift; sourceTree = "<group>"; };
		4A5F36692B7CC5C40026E9B4 /* TransactionDetailPresenter.swift */ = {isa = PBXFileReference; lastKnownFileType = sourcecode.swift; path = TransactionDetailPresenter.swift; sourceTree = "<group>"; };
		4A5F366B2B7CC5D10026E9B4 /* TransactionDetailRouter.swift */ = {isa = PBXFileReference; lastKnownFileType = sourcecode.swift; path = TransactionDetailRouter.swift; sourceTree = "<group>"; };
		4A5F36712B7CFF120026E9B4 /* TransactionDetailAssembly.swift */ = {isa = PBXFileReference; lastKnownFileType = sourcecode.swift; path = TransactionDetailAssembly.swift; sourceTree = "<group>"; };
		4A5F36792B7D01830026E9B4 /* HistoryCell.swift */ = {isa = PBXFileReference; lastKnownFileType = sourcecode.swift; path = HistoryCell.swift; sourceTree = "<group>"; };
		4A5F367A2B7D01830026E9B4 /* HistoryCell.xib */ = {isa = PBXFileReference; lastKnownFileType = file.xib; path = HistoryCell.xib; sourceTree = "<group>"; };
		4A5F367D2B7D03810026E9B4 /* TransactionHistoryInteractor.swift */ = {isa = PBXFileReference; lastKnownFileType = sourcecode.swift; path = TransactionHistoryInteractor.swift; sourceTree = "<group>"; };
		4A5F367F2B7D038C0026E9B4 /* TransactionHIstoryPresenter.swift */ = {isa = PBXFileReference; lastKnownFileType = sourcecode.swift; path = TransactionHIstoryPresenter.swift; sourceTree = "<group>"; };
		4A5F36812B7D03950026E9B4 /* TransactionHIstoryRouter.swift */ = {isa = PBXFileReference; lastKnownFileType = sourcecode.swift; path = TransactionHIstoryRouter.swift; sourceTree = "<group>"; };
		4A5F36852B7D0A150026E9B4 /* TransactionHistoryAssembly.swift */ = {isa = PBXFileReference; lastKnownFileType = sourcecode.swift; path = TransactionHistoryAssembly.swift; sourceTree = "<group>"; };
		4A5F373C2B7D14120026E9B4 /* core.framework */ = {isa = PBXFileReference; explicitFileType = wrapper.framework; path = core.framework; sourceTree = BUILT_PRODUCTS_DIR; };
		4A5F37422B7D16400026E9B4 /* Storage.swift */ = {isa = PBXFileReference; fileEncoding = 4; lastKnownFileType = sourcecode.swift; path = Storage.swift; sourceTree = "<group>"; };
		4A5F37432B7D16400026E9B4 /* SecureStorage.swift */ = {isa = PBXFileReference; fileEncoding = 4; lastKnownFileType = sourcecode.swift; path = SecureStorage.swift; sourceTree = "<group>"; };
		4A5F374A2B7D179C0026E9B4 /* MainStore.swift */ = {isa = PBXFileReference; lastKnownFileType = sourcecode.swift; path = MainStore.swift; sourceTree = "<group>"; };
		4A5F374C2B7D17D00026E9B4 /* AppState.swift */ = {isa = PBXFileReference; lastKnownFileType = sourcecode.swift; path = AppState.swift; sourceTree = "<group>"; };
		4A5F374F2B7D18BE0026E9B4 /* AppDispatcher.swift */ = {isa = PBXFileReference; lastKnownFileType = sourcecode.swift; path = AppDispatcher.swift; sourceTree = "<group>"; };
		4AE132D62B7B22B50011265B /* mobile-app-pembayaran-qris.app */ = {isa = PBXFileReference; explicitFileType = wrapper.application; includeInIndex = 0; path = "mobile-app-pembayaran-qris.app"; sourceTree = BUILT_PRODUCTS_DIR; };
		4AE132D92B7B22B50011265B /* AppDelegate.swift */ = {isa = PBXFileReference; lastKnownFileType = sourcecode.swift; path = AppDelegate.swift; sourceTree = "<group>"; };
		4AE132E32B7B22B60011265B /* mobile_app_pembayaran_qris.xcdatamodel */ = {isa = PBXFileReference; lastKnownFileType = wrapper.xcdatamodel; path = mobile_app_pembayaran_qris.xcdatamodel; sourceTree = "<group>"; };
		4AE132E82B7B22B80011265B /* Base */ = {isa = PBXFileReference; lastKnownFileType = file.storyboard; name = Base; path = Base.lproj/LaunchScreen.storyboard; sourceTree = "<group>"; };
		4AE132EA2B7B22B80011265B /* Info.plist */ = {isa = PBXFileReference; lastKnownFileType = text.plist.xml; path = Info.plist; sourceTree = "<group>"; };
		4AE132F32B7B45320011265B /* HomeViewController.swift */ = {isa = PBXFileReference; lastKnownFileType = sourcecode.swift; path = HomeViewController.swift; sourceTree = "<group>"; };
		4AE132F42B7B45320011265B /* HomeViewController.xib */ = {isa = PBXFileReference; lastKnownFileType = file.xib; path = HomeViewController.xib; sourceTree = "<group>"; };
		4AE133042B7B47B70011265B /* TransactionHistoryViewController.swift */ = {isa = PBXFileReference; lastKnownFileType = sourcecode.swift; path = TransactionHistoryViewController.swift; sourceTree = "<group>"; };
		4AE133052B7B47B70011265B /* TransactionHistoryViewController.xib */ = {isa = PBXFileReference; lastKnownFileType = file.xib; path = TransactionHistoryViewController.xib; sourceTree = "<group>"; };
		4AE1330C2B7B482D0011265B /* HomeInteractor.swift */ = {isa = PBXFileReference; lastKnownFileType = sourcecode.swift; path = HomeInteractor.swift; sourceTree = "<group>"; };
		4AE1330E2B7B48420011265B /* HomePresenter.swift */ = {isa = PBXFileReference; lastKnownFileType = sourcecode.swift; path = HomePresenter.swift; sourceTree = "<group>"; };
		4AE133102B7B48520011265B /* HomeRouter.swift */ = {isa = PBXFileReference; lastKnownFileType = sourcecode.swift; path = HomeRouter.swift; sourceTree = "<group>"; };
		4AE133432B7B76E60011265B /* HomeAssembly.swift */ = {isa = PBXFileReference; lastKnownFileType = sourcecode.swift; path = HomeAssembly.swift; sourceTree = "<group>"; };
		4AE133452B7B786F0011265B /* DI.swift */ = {isa = PBXFileReference; lastKnownFileType = sourcecode.swift; path = DI.swift; sourceTree = "<group>"; };
		4AE133472B7B78C30011265B /* ManagerAssembly.swift */ = {isa = PBXFileReference; lastKnownFileType = sourcecode.swift; path = ManagerAssembly.swift; sourceTree = "<group>"; };
		4AE1334E2B7B7CBA0011265B /* TransactionDetailViewController.swift */ = {isa = PBXFileReference; lastKnownFileType = sourcecode.swift; path = TransactionDetailViewController.swift; sourceTree = "<group>"; };
		4AE1334F2B7B7CBA0011265B /* TransactionDetailViewController.xib */ = {isa = PBXFileReference; lastKnownFileType = file.xib; path = TransactionDetailViewController.xib; sourceTree = "<group>"; };
		4AE133582B7BBA040011265B /* TransactionViewController.swift */ = {isa = PBXFileReference; lastKnownFileType = sourcecode.swift; path = TransactionViewController.swift; sourceTree = "<group>"; };
		4AE133592B7BBA040011265B /* TransactionViewController.xib */ = {isa = PBXFileReference; lastKnownFileType = file.xib; path = TransactionViewController.xib; sourceTree = "<group>"; };
		4AE1335D2B7BBBC50011265B /* TransactionAssembly.swift */ = {isa = PBXFileReference; lastKnownFileType = sourcecode.swift; path = TransactionAssembly.swift; sourceTree = "<group>"; };
		4AE1335F2B7BBC290011265B /* TransactionInteractor.swift */ = {isa = PBXFileReference; lastKnownFileType = sourcecode.swift; path = TransactionInteractor.swift; sourceTree = "<group>"; };
		4AE133612B7BBC660011265B /* TransactionPresenter.swift */ = {isa = PBXFileReference; lastKnownFileType = sourcecode.swift; path = TransactionPresenter.swift; sourceTree = "<group>"; };
		4AE133632B7BBCA70011265B /* TransactionRouter.swift */ = {isa = PBXFileReference; lastKnownFileType = sourcecode.swift; path = TransactionRouter.swift; sourceTree = "<group>"; };
		B3BC5B4AFFF16BC0DC6FD5F6 /* Pods-mobile-app-pembayaran-qris.debug.xcconfig */ = {isa = PBXFileReference; includeInIndex = 1; lastKnownFileType = text.xcconfig; name = "Pods-mobile-app-pembayaran-qris.debug.xcconfig"; path = "Target Support Files/Pods-mobile-app-pembayaran-qris/Pods-mobile-app-pembayaran-qris.debug.xcconfig"; sourceTree = "<group>"; };
		C8690A66B439379514401BFB /* Pods_mobile_app_pembayaran_qris.framework */ = {isa = PBXFileReference; explicitFileType = wrapper.framework; includeInIndex = 0; path = Pods_mobile_app_pembayaran_qris.framework; sourceTree = BUILT_PRODUCTS_DIR; };
/* End PBXFileReference section */

/* Begin PBXFrameworksBuildPhase section */
		4AE132D32B7B22B50011265B /* Frameworks */ = {
			isa = PBXFrameworksBuildPhase;
			buildActionMask = 2147483647;
			files = (
				BB490775F6C95466E6401806 /* Pods_mobile_app_pembayaran_qris.framework in Frameworks */,
				4A5F373D2B7D14120026E9B4 /* core.framework in Frameworks */,
			);
			runOnlyForDeploymentPostprocessing = 0;
		};
/* End PBXFrameworksBuildPhase section */

/* Begin PBXGroup section */
		2F603FBD78EBF4AAAF831A27 /* Pods */ = {
			isa = PBXGroup;
			children = (
				B3BC5B4AFFF16BC0DC6FD5F6 /* Pods-mobile-app-pembayaran-qris.debug.xcconfig */,
				0FBF7E095359B86AAF70C7C8 /* Pods-mobile-app-pembayaran-qris.release.xcconfig */,
			);
			path = Pods;
			sourceTree = "<group>";
		};
		4A5F36762B7D01500026E9B4 /* Cell */ = {
			isa = PBXGroup;
			children = (
				4A5F36792B7D01830026E9B4 /* HistoryCell.swift */,
				4A5F367A2B7D01830026E9B4 /* HistoryCell.xib */,
			);
			path = Cell;
			sourceTree = "<group>";
		};
		4A5F36832B7D09F10026E9B4 /* Transaction */ = {
			isa = PBXGroup;
			children = (
				4AE1335D2B7BBBC50011265B /* TransactionAssembly.swift */,
				4A5F36712B7CFF120026E9B4 /* TransactionDetailAssembly.swift */,
				4A5F36852B7D0A150026E9B4 /* TransactionHistoryAssembly.swift */,
			);
			path = Transaction;
			sourceTree = "<group>";
		};
		4A5F36842B7D09FD0026E9B4 /* Home */ = {
			isa = PBXGroup;
			children = (
				4AE133432B7B76E60011265B /* HomeAssembly.swift */,
			);
			path = Home;
			sourceTree = "<group>";
		};
		4A5F37402B7D15BB0026E9B4 /* Managers */ = {
			isa = PBXGroup;
			children = (
				4A5F37412B7D16400026E9B4 /* Storage */,
			);
			path = Managers;
			sourceTree = "<group>";
		};
		4A5F37412B7D16400026E9B4 /* Storage */ = {
			isa = PBXGroup;
			children = (
				4A5F37422B7D16400026E9B4 /* Storage.swift */,
				4A5F37432B7D16400026E9B4 /* SecureStorage.swift */,
			);
			path = Storage;
			sourceTree = "<group>";
		};
		4A5F37492B7D178F0026E9B4 /* State */ = {
			isa = PBXGroup;
			children = (
				4A5F374E2B7D18610026E9B4 /* Dispatcher */,
				4A5F374A2B7D179C0026E9B4 /* MainStore.swift */,
				4A5F374C2B7D17D00026E9B4 /* AppState.swift */,
			);
			path = State;
			sourceTree = "<group>";
		};
		4A5F374E2B7D18610026E9B4 /* Dispatcher */ = {
			isa = PBXGroup;
			children = (
				4A5F374F2B7D18BE0026E9B4 /* AppDispatcher.swift */,
			);
			path = Dispatcher;
			sourceTree = "<group>";
		};
		4AE132CD2B7B22B50011265B = {
			isa = PBXGroup;
			children = (
				4AE132D82B7B22B50011265B /* mobile-app-pembayaran-qris */,
				4AE132D72B7B22B50011265B /* Products */,
				2F603FBD78EBF4AAAF831A27 /* Pods */,
				DE4EF32A83FD0EBCFBFE7F5A /* Frameworks */,
			);
			sourceTree = "<group>";
		};
		4AE132D72B7B22B50011265B /* Products */ = {
			isa = PBXGroup;
			children = (
				4AE132D62B7B22B50011265B /* mobile-app-pembayaran-qris.app */,
			);
			name = Products;
			sourceTree = "<group>";
		};
		4AE132D82B7B22B50011265B /* mobile-app-pembayaran-qris */ = {
			isa = PBXGroup;
			children = (
				4A5F37492B7D178F0026E9B4 /* State */,
				4A5F37402B7D15BB0026E9B4 /* Managers */,
				4AE132FB2B7B46B20011265B /* DI */,
				4AE132F02B7B29FC0011265B /* Modules */,
				4AE132D92B7B22B50011265B /* AppDelegate.swift */,
				4AE132E72B7B22B80011265B /* LaunchScreen.storyboard */,
				4AE132EA2B7B22B80011265B /* Info.plist */,
				4AE132E22B7B22B60011265B /* mobile_app_pembayaran_qris.xcdatamodeld */,
			);
			path = "mobile-app-pembayaran-qris";
			sourceTree = "<group>";
		};
		4AE132F02B7B29FC0011265B /* Modules */ = {
			isa = PBXGroup;
			children = (
				4AE133292B7B62490011265B /* Transaction */,
				4AE132F22B7B45110011265B /* Home */,
			);
			path = Modules;
			sourceTree = "<group>";
		};
		4AE132F22B7B45110011265B /* Home */ = {
			isa = PBXGroup;
			children = (
				4AE133082B7B47CC0011265B /* Core */,
				4AE132F72B7B45360011265B /* Pages */,
			);
			path = Home;
			sourceTree = "<group>";
		};
		4AE132F72B7B45360011265B /* Pages */ = {
			isa = PBXGroup;
			children = (
				4AE1330B2B7B481A0011265B /* Views */,
				4AE1330C2B7B482D0011265B /* HomeInteractor.swift */,
				4AE1330E2B7B48420011265B /* HomePresenter.swift */,
				4AE133102B7B48520011265B /* HomeRouter.swift */,
			);
			path = Pages;
			sourceTree = "<group>";
		};
		4AE132FB2B7B46B20011265B /* DI */ = {
			isa = PBXGroup;
			children = (
				4AE132FC2B7B46BF0011265B /* Core */,
				4AE132FD2B7B46C50011265B /* Modules */,
				4AE133452B7B786F0011265B /* DI.swift */,
			);
			path = DI;
			sourceTree = "<group>";
		};
		4AE132FC2B7B46BF0011265B /* Core */ = {
			isa = PBXGroup;
			children = (
				4AE133472B7B78C30011265B /* ManagerAssembly.swift */,
			);
			path = Core;
			sourceTree = "<group>";
		};
		4AE132FD2B7B46C50011265B /* Modules */ = {
			isa = PBXGroup;
			children = (
				4A5F36842B7D09FD0026E9B4 /* Home */,
				4A5F36832B7D09F10026E9B4 /* Transaction */,
			);
			path = Modules;
			sourceTree = "<group>";
		};
		4AE133032B7B479F0011265B /* History */ = {
			isa = PBXGroup;
			children = (
				4AE133552B7B7D280011265B /* View */,
				4A5F367D2B7D03810026E9B4 /* TransactionHistoryInteractor.swift */,
				4A5F367F2B7D038C0026E9B4 /* TransactionHIstoryPresenter.swift */,
				4A5F36812B7D03950026E9B4 /* TransactionHIstoryRouter.swift */,
			);
			path = History;
			sourceTree = "<group>";
		};
		4AE133082B7B47CC0011265B /* Core */ = {
			isa = PBXGroup;
			children = (
				4AE133092B7B47E20011265B /* Entities */,
				4AE133352B7B6C4D0011265B /* Services */,
			);
			path = Core;
			sourceTree = "<group>";
		};
		4AE133092B7B47E20011265B /* Entities */ = {
			isa = PBXGroup;
			children = (
			);
			path = Entities;
			sourceTree = "<group>";
		};
		4AE1330B2B7B481A0011265B /* Views */ = {
			isa = PBXGroup;
			children = (
				4AE132F32B7B45320011265B /* HomeViewController.swift */,
				4AE132F42B7B45320011265B /* HomeViewController.xib */,
			);
			path = Views;
			sourceTree = "<group>";
		};
		4AE133292B7B62490011265B /* Transaction */ = {
			isa = PBXGroup;
			children = (
				4AE133522B7B7CBF0011265B /* Core */,
				4AE133532B7B7CCB0011265B /* Pages */,
			);
			path = Transaction;
			sourceTree = "<group>";
		};
		4AE133352B7B6C4D0011265B /* Services */ = {
			isa = PBXGroup;
			children = (
			);
			path = Services;
			sourceTree = "<group>";
		};
		4AE133402B7B73050011265B /* Detail */ = {
			isa = PBXGroup;
			children = (
				4AE133542B7B7D1D0011265B /* View */,
				4A5F36672B7CC5B50026E9B4 /* TransactionDetailInteractor.swift */,
				4A5F36692B7CC5C40026E9B4 /* TransactionDetailPresenter.swift */,
				4A5F366B2B7CC5D10026E9B4 /* TransactionDetailRouter.swift */,
			);
			path = Detail;
			sourceTree = "<group>";
		};
		4AE133522B7B7CBF0011265B /* Core */ = {
			isa = PBXGroup;
			children = (
			);
			path = Core;
			sourceTree = "<group>";
		};
		4AE133532B7B7CCB0011265B /* Pages */ = {
			isa = PBXGroup;
			children = (
				4AE133562B7BB9BF0011265B /* Transaction */,
				4AE133402B7B73050011265B /* Detail */,
				4AE133032B7B479F0011265B /* History */,
			);
			path = Pages;
			sourceTree = "<group>";
		};
		4AE133542B7B7D1D0011265B /* View */ = {
			isa = PBXGroup;
			children = (
				4AE1334E2B7B7CBA0011265B /* TransactionDetailViewController.swift */,
				4AE1334F2B7B7CBA0011265B /* TransactionDetailViewController.xib */,
			);
			path = View;
			sourceTree = "<group>";
		};
		4AE133552B7B7D280011265B /* View */ = {
			isa = PBXGroup;
			children = (
				4A5F36762B7D01500026E9B4 /* Cell */,
				4AE133042B7B47B70011265B /* TransactionHistoryViewController.swift */,
				4AE133052B7B47B70011265B /* TransactionHistoryViewController.xib */,
			);
			path = View;
			sourceTree = "<group>";
		};
		4AE133562B7BB9BF0011265B /* Transaction */ = {
			isa = PBXGroup;
			children = (
				4AE133572B7BB9C50011265B /* View */,
				4AE1335F2B7BBC290011265B /* TransactionInteractor.swift */,
				4AE133612B7BBC660011265B /* TransactionPresenter.swift */,
				4AE133632B7BBCA70011265B /* TransactionRouter.swift */,
			);
			path = Transaction;
			sourceTree = "<group>";
		};
		4AE133572B7BB9C50011265B /* View */ = {
			isa = PBXGroup;
			children = (
				4AE133582B7BBA040011265B /* TransactionViewController.swift */,
				4AE133592B7BBA040011265B /* TransactionViewController.xib */,
			);
			path = View;
			sourceTree = "<group>";
		};
		DE4EF32A83FD0EBCFBFE7F5A /* Frameworks */ = {
			isa = PBXGroup;
			children = (
				4A5F373C2B7D14120026E9B4 /* core.framework */,
				C8690A66B439379514401BFB /* Pods_mobile_app_pembayaran_qris.framework */,
			);
			name = Frameworks;
			sourceTree = "<group>";
		};
/* End PBXGroup section */

/* Begin PBXNativeTarget section */
		4AE132D52B7B22B50011265B /* mobile-app-pembayaran-qris */ = {
			isa = PBXNativeTarget;
			buildConfigurationList = 4AE132ED2B7B22B80011265B /* Build configuration list for PBXNativeTarget "mobile-app-pembayaran-qris" */;
			buildPhases = (
				0512C1226023A0F131F22710 /* [CP] Check Pods Manifest.lock */,
				4AE132D22B7B22B50011265B /* Sources */,
				4AE132D32B7B22B50011265B /* Frameworks */,
				4AE132D42B7B22B50011265B /* Resources */,
				E944AE775B8D42E9154AFD81 /* [CP] Embed Pods Frameworks */,
				4A5F373F2B7D14130026E9B4 /* Embed Frameworks */,
			);
			buildRules = (
			);
			dependencies = (
			);
			name = "mobile-app-pembayaran-qris";
			productName = "mobile-app-pembayaran-qris";
			productReference = 4AE132D62B7B22B50011265B /* mobile-app-pembayaran-qris.app */;
			productType = "com.apple.product-type.application";
		};
/* End PBXNativeTarget section */

/* Begin PBXProject section */
		4AE132CE2B7B22B50011265B /* Project object */ = {
			isa = PBXProject;
			attributes = {
				BuildIndependentTargetsInParallel = 1;
				LastSwiftUpdateCheck = 1510;
				LastUpgradeCheck = 1510;
				TargetAttributes = {
					4AE132D52B7B22B50011265B = {
						CreatedOnToolsVersion = 15.1;
					};
				};
			};
			buildConfigurationList = 4AE132D12B7B22B50011265B /* Build configuration list for PBXProject "mobile-app-pembayaran-qris" */;
			compatibilityVersion = "Xcode 14.0";
			developmentRegion = en;
			hasScannedForEncodings = 0;
			knownRegions = (
				en,
				Base,
			);
			mainGroup = 4AE132CD2B7B22B50011265B;
			productRefGroup = 4AE132D72B7B22B50011265B /* Products */;
			projectDirPath = "";
			projectRoot = "";
			targets = (
				4AE132D52B7B22B50011265B /* mobile-app-pembayaran-qris */,
			);
		};
/* End PBXProject section */

/* Begin PBXResourcesBuildPhase section */
		4AE132D42B7B22B50011265B /* Resources */ = {
			isa = PBXResourcesBuildPhase;
			buildActionMask = 2147483647;
			files = (
				4AE133512B7B7CBA0011265B /* TransactionDetailViewController.xib in Resources */,
				4A5F367C2B7D01830026E9B4 /* HistoryCell.xib in Resources */,
				4AE133072B7B47B70011265B /* TransactionHistoryViewController.xib in Resources */,
				4AE132E92B7B22B80011265B /* LaunchScreen.storyboard in Resources */,
				4AE132F62B7B45320011265B /* HomeViewController.xib in Resources */,
				4AE1335B2B7BBA040011265B /* TransactionViewController.xib in Resources */,
			);
			runOnlyForDeploymentPostprocessing = 0;
		};
/* End PBXResourcesBuildPhase section */

/* Begin PBXShellScriptBuildPhase section */
		0512C1226023A0F131F22710 /* [CP] Check Pods Manifest.lock */ = {
			isa = PBXShellScriptBuildPhase;
			buildActionMask = 2147483647;
			files = (
			);
			inputFileListPaths = (
			);
			inputPaths = (
				"${PODS_PODFILE_DIR_PATH}/Podfile.lock",
				"${PODS_ROOT}/Manifest.lock",
			);
			name = "[CP] Check Pods Manifest.lock";
			outputFileListPaths = (
			);
			outputPaths = (
				"$(DERIVED_FILE_DIR)/Pods-mobile-app-pembayaran-qris-checkManifestLockResult.txt",
			);
			runOnlyForDeploymentPostprocessing = 0;
			shellPath = /bin/sh;
			shellScript = "diff \"${PODS_PODFILE_DIR_PATH}/Podfile.lock\" \"${PODS_ROOT}/Manifest.lock\" > /dev/null\nif [ $? != 0 ] ; then\n    # print error to STDERR\n    echo \"error: The sandbox is not in sync with the Podfile.lock. Run 'pod install' or update your CocoaPods installation.\" >&2\n    exit 1\nfi\n# This output is used by Xcode 'outputs' to avoid re-running this script phase.\necho \"SUCCESS\" > \"${SCRIPT_OUTPUT_FILE_0}\"\n";
			showEnvVarsInLog = 0;
		};
		E944AE775B8D42E9154AFD81 /* [CP] Embed Pods Frameworks */ = {
			isa = PBXShellScriptBuildPhase;
			buildActionMask = 2147483647;
			files = (
			);
			inputFileListPaths = (
				"${PODS_ROOT}/Target Support Files/Pods-mobile-app-pembayaran-qris/Pods-mobile-app-pembayaran-qris-frameworks-${CONFIGURATION}-input-files.xcfilelist",
			);
			name = "[CP] Embed Pods Frameworks";
			outputFileListPaths = (
				"${PODS_ROOT}/Target Support Files/Pods-mobile-app-pembayaran-qris/Pods-mobile-app-pembayaran-qris-frameworks-${CONFIGURATION}-output-files.xcfilelist",
			);
			runOnlyForDeploymentPostprocessing = 0;
			shellPath = /bin/sh;
			shellScript = "\"${PODS_ROOT}/Target Support Files/Pods-mobile-app-pembayaran-qris/Pods-mobile-app-pembayaran-qris-frameworks.sh\"\n";
			showEnvVarsInLog = 0;
		};
/* End PBXShellScriptBuildPhase section */

/* Begin PBXSourcesBuildPhase section */
		4AE132D22B7B22B50011265B /* Sources */ = {
			isa = PBXSourcesBuildPhase;
			buildActionMask = 2147483647;
			files = (
				4A5F37452B7D16400026E9B4 /* SecureStorage.swift in Sources */,
				4A5F367E2B7D03810026E9B4 /* TransactionHistoryInteractor.swift in Sources */,
				4A5F366A2B7CC5C40026E9B4 /* TransactionDetailPresenter.swift in Sources */,
				4AE133462B7B786F0011265B /* DI.swift in Sources */,
				4AE1330F2B7B48420011265B /* HomePresenter.swift in Sources */,
				4AE1335A2B7BBA040011265B /* TransactionViewController.swift in Sources */,
				4A5F36822B7D03950026E9B4 /* TransactionHIstoryRouter.swift in Sources */,
				4AE133642B7BBCA70011265B /* TransactionRouter.swift in Sources */,
				4AE133622B7BBC660011265B /* TransactionPresenter.swift in Sources */,
				4AE133502B7B7CBA0011265B /* TransactionDetailViewController.swift in Sources */,
				4A5F36802B7D038C0026E9B4 /* TransactionHIstoryPresenter.swift in Sources */,
				4AE132E42B7B22B60011265B /* mobile_app_pembayaran_qris.xcdatamodeld in Sources */,
				4AE133442B7B76E60011265B /* HomeAssembly.swift in Sources */,
				4AE133062B7B47B70011265B /* TransactionHistoryViewController.swift in Sources */,
				4AE132DA2B7B22B50011265B /* AppDelegate.swift in Sources */,
				4A5F36682B7CC5B50026E9B4 /* TransactionDetailInteractor.swift in Sources */,
				4AE133482B7B78C30011265B /* ManagerAssembly.swift in Sources */,
				4A5F36722B7CFF120026E9B4 /* TransactionDetailAssembly.swift in Sources */,
				4AE1335E2B7BBBC50011265B /* TransactionAssembly.swift in Sources */,
				4AE1330D2B7B482D0011265B /* HomeInteractor.swift in Sources */,
				4AE133602B7BBC290011265B /* TransactionInteractor.swift in Sources */,
				4AE133112B7B48520011265B /* HomeRouter.swift in Sources */,
				4A5F367B2B7D01830026E9B4 /* HistoryCell.swift in Sources */,
				4AE132F52B7B45320011265B /* HomeViewController.swift in Sources */,
				4A5F374B2B7D179C0026E9B4 /* MainStore.swift in Sources */,
				4A5F374D2B7D17D00026E9B4 /* AppState.swift in Sources */,
				4A5F36862B7D0A150026E9B4 /* TransactionHistoryAssembly.swift in Sources */,
				4A5F366C2B7CC5D10026E9B4 /* TransactionDetailRouter.swift in Sources */,
				4A5F37502B7D18BE0026E9B4 /* AppDispatcher.swift in Sources */,
				4A5F37442B7D16400026E9B4 /* Storage.swift in Sources */,
			);
			runOnlyForDeploymentPostprocessing = 0;
		};
/* End PBXSourcesBuildPhase section */

/* Begin PBXVariantGroup section */
		4AE132E72B7B22B80011265B /* LaunchScreen.storyboard */ = {
			isa = PBXVariantGroup;
			children = (
				4AE132E82B7B22B80011265B /* Base */,
			);
			name = LaunchScreen.storyboard;
			sourceTree = "<group>";
		};
/* End PBXVariantGroup section */

/* Begin XCBuildConfiguration section */
		4AE132EB2B7B22B80011265B /* Debug */ = {
			isa = XCBuildConfiguration;
			buildSettings = {
				ALWAYS_SEARCH_USER_PATHS = NO;
				ASSETCATALOG_COMPILER_GENERATE_SWIFT_ASSET_SYMBOL_EXTENSIONS = YES;
				CLANG_ANALYZER_NONNULL = YES;
				CLANG_ANALYZER_NUMBER_OBJECT_CONVERSION = YES_AGGRESSIVE;
				CLANG_CXX_LANGUAGE_STANDARD = "gnu++20";
				CLANG_ENABLE_MODULES = YES;
				CLANG_ENABLE_OBJC_ARC = YES;
				CLANG_ENABLE_OBJC_WEAK = YES;
				CLANG_WARN_BLOCK_CAPTURE_AUTORELEASING = YES;
				CLANG_WARN_BOOL_CONVERSION = YES;
				CLANG_WARN_COMMA = YES;
				CLANG_WARN_CONSTANT_CONVERSION = YES;
				CLANG_WARN_DEPRECATED_OBJC_IMPLEMENTATIONS = YES;
				CLANG_WARN_DIRECT_OBJC_ISA_USAGE = YES_ERROR;
				CLANG_WARN_DOCUMENTATION_COMMENTS = YES;
				CLANG_WARN_EMPTY_BODY = YES;
				CLANG_WARN_ENUM_CONVERSION = YES;
				CLANG_WARN_INFINITE_RECURSION = YES;
				CLANG_WARN_INT_CONVERSION = YES;
				CLANG_WARN_NON_LITERAL_NULL_CONVERSION = YES;
				CLANG_WARN_OBJC_IMPLICIT_RETAIN_SELF = YES;
				CLANG_WARN_OBJC_LITERAL_CONVERSION = YES;
				CLANG_WARN_OBJC_ROOT_CLASS = YES_ERROR;
				CLANG_WARN_QUOTED_INCLUDE_IN_FRAMEWORK_HEADER = YES;
				CLANG_WARN_RANGE_LOOP_ANALYSIS = YES;
				CLANG_WARN_STRICT_PROTOTYPES = YES;
				CLANG_WARN_SUSPICIOUS_MOVE = YES;
				CLANG_WARN_UNGUARDED_AVAILABILITY = YES_AGGRESSIVE;
				CLANG_WARN_UNREACHABLE_CODE = YES;
				CLANG_WARN__DUPLICATE_METHOD_MATCH = YES;
				COPY_PHASE_STRIP = NO;
				DEBUG_INFORMATION_FORMAT = dwarf;
				ENABLE_STRICT_OBJC_MSGSEND = YES;
				ENABLE_TESTABILITY = YES;
				ENABLE_USER_SCRIPT_SANDBOXING = YES;
				GCC_C_LANGUAGE_STANDARD = gnu17;
				GCC_DYNAMIC_NO_PIC = NO;
				GCC_NO_COMMON_BLOCKS = YES;
				GCC_OPTIMIZATION_LEVEL = 0;
				GCC_PREPROCESSOR_DEFINITIONS = (
					"DEBUG=1",
					"$(inherited)",
				);
				GCC_WARN_64_TO_32_BIT_CONVERSION = YES;
				GCC_WARN_ABOUT_RETURN_TYPE = YES_ERROR;
				GCC_WARN_UNDECLARED_SELECTOR = YES;
				GCC_WARN_UNINITIALIZED_AUTOS = YES_AGGRESSIVE;
				GCC_WARN_UNUSED_FUNCTION = YES;
				GCC_WARN_UNUSED_VARIABLE = YES;
				IPHONEOS_DEPLOYMENT_TARGET = 17.2;
				LOCALIZATION_PREFERS_STRING_CATALOGS = YES;
				MTL_ENABLE_DEBUG_INFO = INCLUDE_SOURCE;
				MTL_FAST_MATH = YES;
				ONLY_ACTIVE_ARCH = YES;
				SDKROOT = iphoneos;
				SWIFT_ACTIVE_COMPILATION_CONDITIONS = "DEBUG $(inherited)";
				SWIFT_OPTIMIZATION_LEVEL = "-Onone";
			};
			name = Debug;
		};
		4AE132EC2B7B22B80011265B /* Release */ = {
			isa = XCBuildConfiguration;
			buildSettings = {
				ALWAYS_SEARCH_USER_PATHS = NO;
				ASSETCATALOG_COMPILER_GENERATE_SWIFT_ASSET_SYMBOL_EXTENSIONS = YES;
				CLANG_ANALYZER_NONNULL = YES;
				CLANG_ANALYZER_NUMBER_OBJECT_CONVERSION = YES_AGGRESSIVE;
				CLANG_CXX_LANGUAGE_STANDARD = "gnu++20";
				CLANG_ENABLE_MODULES = YES;
				CLANG_ENABLE_OBJC_ARC = YES;
				CLANG_ENABLE_OBJC_WEAK = YES;
				CLANG_WARN_BLOCK_CAPTURE_AUTORELEASING = YES;
				CLANG_WARN_BOOL_CONVERSION = YES;
				CLANG_WARN_COMMA = YES;
				CLANG_WARN_CONSTANT_CONVERSION = YES;
				CLANG_WARN_DEPRECATED_OBJC_IMPLEMENTATIONS = YES;
				CLANG_WARN_DIRECT_OBJC_ISA_USAGE = YES_ERROR;
				CLANG_WARN_DOCUMENTATION_COMMENTS = YES;
				CLANG_WARN_EMPTY_BODY = YES;
				CLANG_WARN_ENUM_CONVERSION = YES;
				CLANG_WARN_INFINITE_RECURSION = YES;
				CLANG_WARN_INT_CONVERSION = YES;
				CLANG_WARN_NON_LITERAL_NULL_CONVERSION = YES;
				CLANG_WARN_OBJC_IMPLICIT_RETAIN_SELF = YES;
				CLANG_WARN_OBJC_LITERAL_CONVERSION = YES;
				CLANG_WARN_OBJC_ROOT_CLASS = YES_ERROR;
				CLANG_WARN_QUOTED_INCLUDE_IN_FRAMEWORK_HEADER = YES;
				CLANG_WARN_RANGE_LOOP_ANALYSIS = YES;
				CLANG_WARN_STRICT_PROTOTYPES = YES;
				CLANG_WARN_SUSPICIOUS_MOVE = YES;
				CLANG_WARN_UNGUARDED_AVAILABILITY = YES_AGGRESSIVE;
				CLANG_WARN_UNREACHABLE_CODE = YES;
				CLANG_WARN__DUPLICATE_METHOD_MATCH = YES;
				COPY_PHASE_STRIP = NO;
				DEBUG_INFORMATION_FORMAT = "dwarf-with-dsym";
				ENABLE_NS_ASSERTIONS = NO;
				ENABLE_STRICT_OBJC_MSGSEND = YES;
				ENABLE_USER_SCRIPT_SANDBOXING = YES;
				GCC_C_LANGUAGE_STANDARD = gnu17;
				GCC_NO_COMMON_BLOCKS = YES;
				GCC_WARN_64_TO_32_BIT_CONVERSION = YES;
				GCC_WARN_ABOUT_RETURN_TYPE = YES_ERROR;
				GCC_WARN_UNDECLARED_SELECTOR = YES;
				GCC_WARN_UNINITIALIZED_AUTOS = YES_AGGRESSIVE;
				GCC_WARN_UNUSED_FUNCTION = YES;
				GCC_WARN_UNUSED_VARIABLE = YES;
				IPHONEOS_DEPLOYMENT_TARGET = 17.2;
				LOCALIZATION_PREFERS_STRING_CATALOGS = YES;
				MTL_ENABLE_DEBUG_INFO = NO;
				MTL_FAST_MATH = YES;
				SDKROOT = iphoneos;
				SWIFT_COMPILATION_MODE = wholemodule;
				VALIDATE_PRODUCT = YES;
			};
			name = Release;
		};
		4AE132EE2B7B22B80011265B /* Debug */ = {
			isa = XCBuildConfiguration;
			baseConfigurationReference = B3BC5B4AFFF16BC0DC6FD5F6 /* Pods-mobile-app-pembayaran-qris.debug.xcconfig */;
			buildSettings = {
				ASSETCATALOG_COMPILER_APPICON_NAME = AppIcon;
				ASSETCATALOG_COMPILER_GLOBAL_ACCENT_COLOR_NAME = AccentColor;
				CODE_SIGN_IDENTITY = "Apple Development";
				CODE_SIGN_STYLE = Automatic;
				CURRENT_PROJECT_VERSION = 1;
				DEVELOPMENT_TEAM = 734TWANFD2;
				ENABLE_USER_SCRIPT_SANDBOXING = NO;
				GENERATE_INFOPLIST_FILE = YES;
				INFOPLIST_FILE = "mobile-app-pembayaran-qris/Info.plist";
				INFOPLIST_KEY_NSCameraUsageDescription = "Akses Kamera diperlukan untuk merekam dan mengambil foto dalam aplikasi klik indomaret";
				INFOPLIST_KEY_UIApplicationSupportsIndirectInputEvents = YES;
				INFOPLIST_KEY_UILaunchStoryboardName = LaunchScreen;
				INFOPLIST_KEY_UISupportedInterfaceOrientations_iPad = "UIInterfaceOrientationPortrait UIInterfaceOrientationPortraitUpsideDown UIInterfaceOrientationLandscapeLeft UIInterfaceOrientationLandscapeRight";
				INFOPLIST_KEY_UISupportedInterfaceOrientations_iPhone = "UIInterfaceOrientationPortrait UIInterfaceOrientationLandscapeLeft UIInterfaceOrientationLandscapeRight";
				LD_RUNPATH_SEARCH_PATHS = (
					"$(inherited)",
					"@executable_path/Frameworks",
				);
				MARKETING_VERSION = 1.0;
				PRODUCT_BUNDLE_IDENTIFIER = "com.xyz.mobile-app-pembayaran-qris";
				PRODUCT_NAME = "$(TARGET_NAME)";
				PROVISIONING_PROFILE_SPECIFIER = "";
				SWIFT_EMIT_LOC_STRINGS = YES;
				SWIFT_VERSION = 5.0;
				TARGETED_DEVICE_FAMILY = "1,2";
			};
			name = Debug;
		};
		4AE132EF2B7B22B80011265B /* Release */ = {
			isa = XCBuildConfiguration;
			baseConfigurationReference = 0FBF7E095359B86AAF70C7C8 /* Pods-mobile-app-pembayaran-qris.release.xcconfig */;
			buildSettings = {
				ASSETCATALOG_COMPILER_APPICON_NAME = AppIcon;
				ASSETCATALOG_COMPILER_GLOBAL_ACCENT_COLOR_NAME = AccentColor;
				CODE_SIGN_IDENTITY = "Apple Development";
				CODE_SIGN_STYLE = Automatic;
				CURRENT_PROJECT_VERSION = 1;
				DEVELOPMENT_TEAM = 734TWANFD2;
				ENABLE_USER_SCRIPT_SANDBOXING = NO;
				GENERATE_INFOPLIST_FILE = YES;
				INFOPLIST_FILE = "mobile-app-pembayaran-qris/Info.plist";
				INFOPLIST_KEY_NSCameraUsageDescription = "Akses Kamera diperlukan untuk merekam dan mengambil foto dalam aplikasi klik indomaret";
				INFOPLIST_KEY_UIApplicationSupportsIndirectInputEvents = YES;
				INFOPLIST_KEY_UILaunchStoryboardName = LaunchScreen;
				INFOPLIST_KEY_UISupportedInterfaceOrientations_iPad = "UIInterfaceOrientationPortrait UIInterfaceOrientationPortraitUpsideDown UIInterfaceOrientationLandscapeLeft UIInterfaceOrientationLandscapeRight";
				INFOPLIST_KEY_UISupportedInterfaceOrientations_iPhone = "UIInterfaceOrientationPortrait UIInterfaceOrientationLandscapeLeft UIInterfaceOrientationLandscapeRight";
				LD_RUNPATH_SEARCH_PATHS = (
					"$(inherited)",
					"@executable_path/Frameworks",
				);
				MARKETING_VERSION = 1.0;
				PRODUCT_BUNDLE_IDENTIFIER = "com.xyz.mobile-app-pembayaran-qris";
				PRODUCT_NAME = "$(TARGET_NAME)";
				PROVISIONING_PROFILE_SPECIFIER = "";
				SWIFT_EMIT_LOC_STRINGS = YES;
				SWIFT_VERSION = 5.0;
				TARGETED_DEVICE_FAMILY = "1,2";
			};
			name = Release;
		};
/* End XCBuildConfiguration section */

/* Begin XCConfigurationList section */
		4AE132D12B7B22B50011265B /* Build configuration list for PBXProject "mobile-app-pembayaran-qris" */ = {
			isa = XCConfigurationList;
			buildConfigurations = (
				4AE132EB2B7B22B80011265B /* Debug */,
				4AE132EC2B7B22B80011265B /* Release */,
			);
			defaultConfigurationIsVisible = 0;
			defaultConfigurationName = Release;
		};
		4AE132ED2B7B22B80011265B /* Build configuration list for PBXNativeTarget "mobile-app-pembayaran-qris" */ = {
			isa = XCConfigurationList;
			buildConfigurations = (
				4AE132EE2B7B22B80011265B /* Debug */,
				4AE132EF2B7B22B80011265B /* Release */,
			);
			defaultConfigurationIsVisible = 0;
			defaultConfigurationName = Release;
		};
/* End XCConfigurationList section */

/* Begin XCVersionGroup section */
		4AE132E22B7B22B60011265B /* mobile_app_pembayaran_qris.xcdatamodeld */ = {
			isa = XCVersionGroup;
			children = (
				4AE132E32B7B22B60011265B /* mobile_app_pembayaran_qris.xcdatamodel */,
			);
			currentVersion = 4AE132E32B7B22B60011265B /* mobile_app_pembayaran_qris.xcdatamodel */;
			path = mobile_app_pembayaran_qris.xcdatamodeld;
			sourceTree = "<group>";
			versionGroupType = wrapper.xcdatamodel;
		};
/* End XCVersionGroup section */
	};
	rootObject = 4AE132CE2B7B22B50011265B /* Project object */;
}
