PODS:
  - Swinject (2.8.3)
  - SwinjectAutoregistration (2.8.3):
    - Swinject (~> 2.8.3)
  - Verge (8.19.0):
    - Verge/Store (= 8.19.0)
  - Verge/ObjcBridge (8.19.0)
  - Verge/Store (8.19.0):
    - Verge/ObjcBridge

DEPENDENCIES:
  - Swinject
  - SwinjectAutoregistration
  - Verge

SPEC REPOS:
  trunk:
    - Swinject
    - SwinjectAutoregistration
    - Verge

SPEC CHECKSUMS:
  Swinject: 893c9a543000ac2f10ee4cbaf0933c6992c935d5
  SwinjectAutoregistration: e3ee378dc458acf78d176fc7fec3902603452667
  Verge: 5199d7de11162b5568697dabdfab4f83d99d6436

PODFILE CHECKSUM: 4f060ce8e2afdc46fc8bb7cceb1cd85f2f805a0f

COCOAPODS: 1.11.3
